
Microsoft Visual Studio Solution File, Format Version 12.00
# Visual Studio Version 17
VisualStudioVersion = 17.11.35312.102
MinimumVisualStudioVersion = 10.0.40219.1
Project("{FAE04EC0-301F-11D3-BF4B-00C04F79EFBC}") = "AtlasAPI", "AtlasAPI\AtlasAPI.csproj", "{97D91425-F637-4BE3-868A-2AEF1FBD66C9}"
EndProject
Global
	GlobalSection(SolutionConfigurationPlatforms) = preSolution
		Debug|Any CPU = Debug|Any CPU
		Release|Any CPU = Release|Any CPU
	EndGlobalSection
	GlobalSection(ProjectConfigurationPlatforms) = postSolution
		{97D91425-F637-4BE3-868A-2AEF1FBD66C9}.Debug|Any CPU.ActiveCfg = Debug|Any CPU
		{97D91425-F637-4BE3-868A-2AEF1FBD66C9}.Debug|Any CPU.Build.0 = Debug|Any CPU
		{97D91425-F637-4BE3-868A-2AEF1FBD66C9}.Release|Any CPU.ActiveCfg = Release|Any CPU
		{97D91425-F637-4BE3-868A-2AEF1FBD66C9}.Release|Any CPU.Build.0 = Release|Any CPU
	EndGlobalSection
	GlobalSection(SolutionProperties) = preSolution
		HideSolutionNode = FALSE
	EndGlobalSection
	GlobalSection(ExtensibilityGlobals) = postSolution
		SolutionGuid = {FE68018A-AC8B-4EAA-ADCF-F70019957750}
	EndGlobalSection
EndGlobal
